
Microsoft Visual Studio Solution File, Format Version 12.00
# Visual Studio 15
VisualStudioVersion = 15.0.26124.0
MinimumVisualStudioVersion = 15.0.26124.0
Project("{FAE04EC0-301F-11D3-BF4B-00C04F79EFBC}") = "HavenIsland", "HavenIsland\HavenIsland.csproj", "{6FD03283-563F-4B39-AE81-92669B7CBB4C}"
EndProject
Project("{FAE04EC0-301F-11D3-BF4B-00C04F79EFBC}") = "HavenIsland.UnitTests", "HavenIsland.UnitTests\HavenIsland.UnitTests.csproj", "{C6C47D41-E7CD-4A4E-8012-99B3207459CD}"
EndProject
Project("{2150E333-8FDC-42A3-9474-1A3956D46DE8}") = "Puffin", "Puffin", "{38D87CC6-49E9-4EBE-88CD-C0E71B82F473}"
EndProject
Project("{FAE04EC0-301F-11D3-BF4B-00C04F79EFBC}") = "Puffin.Core", "Puffin\Puffin.Core\Puffin.Core.csproj", "{9EF3260D-005E-49AC-AF8A-0D5D6B20D257}"
EndProject
Project("{FAE04EC0-301F-11D3-BF4B-00C04F79EFBC}") = "Puffin.Infrastructure.MonoGame", "Puffin\Puffin.Infrastructure.MonoGame\Puffin.Infrastructure.MonoGame.csproj", "{93A4D1E6-6A08-41AF-A3EB-1EDBFCD6C5AD}"
EndProject
Project("{FAE04EC0-301F-11D3-BF4B-00C04F79EFBC}") = "Puffin.UI", "Puffin\Puffin.UI\Puffin.UI.csproj", "{0E2D6DB7-905D-4E50-8B28-8C7531D44F53}"
EndProject
Global
	GlobalSection(SolutionConfigurationPlatforms) = preSolution
		Debug|Any CPU = Debug|Any CPU
		Debug|x64 = Debug|x64
		Debug|x86 = Debug|x86
		Release|Any CPU = Release|Any CPU
		Release|x64 = Release|x64
		Release|x86 = Release|x86
	EndGlobalSection
	GlobalSection(SolutionProperties) = preSolution
		HideSolutionNode = FALSE
	EndGlobalSection
	GlobalSection(ProjectConfigurationPlatforms) = postSolution
		{6FD03283-563F-4B39-AE81-92669B7CBB4C}.Debug|Any CPU.ActiveCfg = Debug|Any CPU
		{6FD03283-563F-4B39-AE81-92669B7CBB4C}.Debug|Any CPU.Build.0 = Debug|Any CPU
		{6FD03283-563F-4B39-AE81-92669B7CBB4C}.Debug|x64.ActiveCfg = Debug|Any CPU
		{6FD03283-563F-4B39-AE81-92669B7CBB4C}.Debug|x64.Build.0 = Debug|Any CPU
		{6FD03283-563F-4B39-AE81-92669B7CBB4C}.Debug|x86.ActiveCfg = Debug|Any CPU
		{6FD03283-563F-4B39-AE81-92669B7CBB4C}.Debug|x86.Build.0 = Debug|Any CPU
		{6FD03283-563F-4B39-AE81-92669B7CBB4C}.Release|Any CPU.ActiveCfg = Release|Any CPU
		{6FD03283-563F-4B39-AE81-92669B7CBB4C}.Release|Any CPU.Build.0 = Release|Any CPU
		{6FD03283-563F-4B39-AE81-92669B7CBB4C}.Release|x64.ActiveCfg = Release|Any CPU
		{6FD03283-563F-4B39-AE81-92669B7CBB4C}.Release|x64.Build.0 = Release|Any CPU
		{6FD03283-563F-4B39-AE81-92669B7CBB4C}.Release|x86.ActiveCfg = Release|Any CPU
		{6FD03283-563F-4B39-AE81-92669B7CBB4C}.Release|x86.Build.0 = Release|Any CPU
		{C6C47D41-E7CD-4A4E-8012-99B3207459CD}.Debug|Any CPU.ActiveCfg = Debug|Any CPU
		{C6C47D41-E7CD-4A4E-8012-99B3207459CD}.Debug|Any CPU.Build.0 = Debug|Any CPU
		{C6C47D41-E7CD-4A4E-8012-99B3207459CD}.Debug|x64.ActiveCfg = Debug|Any CPU
		{C6C47D41-E7CD-4A4E-8012-99B3207459CD}.Debug|x64.Build.0 = Debug|Any CPU
		{C6C47D41-E7CD-4A4E-8012-99B3207459CD}.Debug|x86.ActiveCfg = Debug|Any CPU
		{C6C47D41-E7CD-4A4E-8012-99B3207459CD}.Debug|x86.Build.0 = Debug|Any CPU
		{C6C47D41-E7CD-4A4E-8012-99B3207459CD}.Release|Any CPU.ActiveCfg = Release|Any CPU
		{C6C47D41-E7CD-4A4E-8012-99B3207459CD}.Release|Any CPU.Build.0 = Release|Any CPU
		{C6C47D41-E7CD-4A4E-8012-99B3207459CD}.Release|x64.ActiveCfg = Release|Any CPU
		{C6C47D41-E7CD-4A4E-8012-99B3207459CD}.Release|x64.Build.0 = Release|Any CPU
		{C6C47D41-E7CD-4A4E-8012-99B3207459CD}.Release|x86.ActiveCfg = Release|Any CPU
		{C6C47D41-E7CD-4A4E-8012-99B3207459CD}.Release|x86.Build.0 = Release|Any CPU
		{9EF3260D-005E-49AC-AF8A-0D5D6B20D257}.Debug|Any CPU.ActiveCfg = Debug|Any CPU
		{9EF3260D-005E-49AC-AF8A-0D5D6B20D257}.Debug|Any CPU.Build.0 = Debug|Any CPU
		{9EF3260D-005E-49AC-AF8A-0D5D6B20D257}.Debug|x64.ActiveCfg = Debug|Any CPU
		{9EF3260D-005E-49AC-AF8A-0D5D6B20D257}.Debug|x64.Build.0 = Debug|Any CPU
		{9EF3260D-005E-49AC-AF8A-0D5D6B20D257}.Debug|x86.ActiveCfg = Debug|Any CPU
		{9EF3260D-005E-49AC-AF8A-0D5D6B20D257}.Debug|x86.Build.0 = Debug|Any CPU
		{9EF3260D-005E-49AC-AF8A-0D5D6B20D257}.Release|Any CPU.ActiveCfg = Release|Any CPU
		{9EF3260D-005E-49AC-AF8A-0D5D6B20D257}.Release|Any CPU.Build.0 = Release|Any CPU
		{9EF3260D-005E-49AC-AF8A-0D5D6B20D257}.Release|x64.ActiveCfg = Release|Any CPU
		{9EF3260D-005E-49AC-AF8A-0D5D6B20D257}.Release|x64.Build.0 = Release|Any CPU
		{9EF3260D-005E-49AC-AF8A-0D5D6B20D257}.Release|x86.ActiveCfg = Release|Any CPU
		{9EF3260D-005E-49AC-AF8A-0D5D6B20D257}.Release|x86.Build.0 = Release|Any CPU
		{93A4D1E6-6A08-41AF-A3EB-1EDBFCD6C5AD}.Debug|Any CPU.ActiveCfg = Debug|Any CPU
		{93A4D1E6-6A08-41AF-A3EB-1EDBFCD6C5AD}.Debug|Any CPU.Build.0 = Debug|Any CPU
		{93A4D1E6-6A08-41AF-A3EB-1EDBFCD6C5AD}.Debug|x64.ActiveCfg = Debug|Any CPU
		{93A4D1E6-6A08-41AF-A3EB-1EDBFCD6C5AD}.Debug|x64.Build.0 = Debug|Any CPU
		{93A4D1E6-6A08-41AF-A3EB-1EDBFCD6C5AD}.Debug|x86.ActiveCfg = Debug|Any CPU
		{93A4D1E6-6A08-41AF-A3EB-1EDBFCD6C5AD}.Debug|x86.Build.0 = Debug|Any CPU
		{93A4D1E6-6A08-41AF-A3EB-1EDBFCD6C5AD}.Release|Any CPU.ActiveCfg = Release|Any CPU
		{93A4D1E6-6A08-41AF-A3EB-1EDBFCD6C5AD}.Release|Any CPU.Build.0 = Release|Any CPU
		{93A4D1E6-6A08-41AF-A3EB-1EDBFCD6C5AD}.Release|x64.ActiveCfg = Release|Any CPU
		{93A4D1E6-6A08-41AF-A3EB-1EDBFCD6C5AD}.Release|x64.Build.0 = Release|Any CPU
		{93A4D1E6-6A08-41AF-A3EB-1EDBFCD6C5AD}.Release|x86.ActiveCfg = Release|Any CPU
		{93A4D1E6-6A08-41AF-A3EB-1EDBFCD6C5AD}.Release|x86.Build.0 = Release|Any CPU
		{0E2D6DB7-905D-4E50-8B28-8C7531D44F53}.Debug|Any CPU.ActiveCfg = Debug|Any CPU
		{0E2D6DB7-905D-4E50-8B28-8C7531D44F53}.Debug|Any CPU.Build.0 = Debug|Any CPU
		{0E2D6DB7-905D-4E50-8B28-8C7531D44F53}.Debug|x64.ActiveCfg = Debug|Any CPU
		{0E2D6DB7-905D-4E50-8B28-8C7531D44F53}.Debug|x64.Build.0 = Debug|Any CPU
		{0E2D6DB7-905D-4E50-8B28-8C7531D44F53}.Debug|x86.ActiveCfg = Debug|Any CPU
		{0E2D6DB7-905D-4E50-8B28-8C7531D44F53}.Debug|x86.Build.0 = Debug|Any CPU
		{0E2D6DB7-905D-4E50-8B28-8C7531D44F53}.Release|Any CPU.ActiveCfg = Release|Any CPU
		{0E2D6DB7-905D-4E50-8B28-8C7531D44F53}.Release|Any CPU.Build.0 = Release|Any CPU
		{0E2D6DB7-905D-4E50-8B28-8C7531D44F53}.Release|x64.ActiveCfg = Release|Any CPU
		{0E2D6DB7-905D-4E50-8B28-8C7531D44F53}.Release|x64.Build.0 = Release|Any CPU
		{0E2D6DB7-905D-4E50-8B28-8C7531D44F53}.Release|x86.ActiveCfg = Release|Any CPU
		{0E2D6DB7-905D-4E50-8B28-8C7531D44F53}.Release|x86.Build.0 = Release|Any CPU
	EndGlobalSection
	GlobalSection(NestedProjects) = preSolution
		{9EF3260D-005E-49AC-AF8A-0D5D6B20D257} = {38D87CC6-49E9-4EBE-88CD-C0E71B82F473}
		{93A4D1E6-6A08-41AF-A3EB-1EDBFCD6C5AD} = {38D87CC6-49E9-4EBE-88CD-C0E71B82F473}
		{0E2D6DB7-905D-4E50-8B28-8C7531D44F53} = {38D87CC6-49E9-4EBE-88CD-C0E71B82F473}
	EndGlobalSection
EndGlobal
